
Microsoft Visual Studio Solution File, Format Version 12.00
# Visual Studio Version 17
VisualStudioVersion = 17.3.32804.467
MinimumVisualStudioVersion = 10.0.40219.1
Project("{FAE04EC0-301F-11D3-BF4B-00C04F79EFBC}") = "web", "web\web.csproj", "{ADDFC74A-6683-4F44-9BB8-BD2FA39DF0DB}"
EndProject
Global
	GlobalSection(SolutionConfigurationPlatforms) = preSolution
		Debug|Any CPU = Debug|Any CPU
		Release|Any CPU = Release|Any CPU
	EndGlobalSection
	GlobalSection(ProjectConfigurationPlatforms) = postSolution
		{ADDFC74A-6683-4F44-9BB8-BD2FA39DF0DB}.Debug|Any CPU.ActiveCfg = Debug|Any CPU
		{ADDFC74A-6683-4F44-9BB8-BD2FA39DF0DB}.Debug|Any CPU.Build.0 = Debug|Any CPU
		{ADDFC74A-6683-4F44-9BB8-BD2FA39DF0DB}.Release|Any CPU.ActiveCfg = Release|Any CPU
		{ADDFC74A-6683-4F44-9BB8-BD2FA39DF0DB}.Release|Any CPU.Build.0 = Release|Any CPU
	EndGlobalSection
	GlobalSection(SolutionProperties) = preSolution
		HideSolutionNode = FALSE
	EndGlobalSection
	GlobalSection(ExtensibilityGlobals) = postSolution
		SolutionGuid = {D4A3A0D9-2105-45D8-90FB-37E83351B972}
	EndGlobalSection
EndGlobal
